
Microsoft Visual Studio Solution File, Format Version 12.00
# Visual Studio 15
VisualStudioVersion = 15.0.26730.12
MinimumVisualStudioVersion = 10.0.40219.1
Project("{FAE04EC0-301F-11D3-BF4B-00C04F79EFBC}") = "EEGReplay", "EEGReplay\EEGReplay.csproj", "{13F1148B-A056-461F-B1CF-AE4F4120AA2A}"
EndProject
Project("{FAE04EC0-301F-11D3-BF4B-00C04F79EFBC}") = "NeuroEDF", "EDF\NeuroEDF.csproj", "{2EF8769B-2F24-4C46-A23B-FDDA69C52B14}"
EndProject
Global
	GlobalSection(SolutionConfigurationPlatforms) = preSolution
		Debug|Any CPU = Debug|Any CPU
		Debug|x86 = Debug|x86
		Release|Any CPU = Release|Any CPU
		Release|x86 = Release|x86
	EndGlobalSection
	GlobalSection(ProjectConfigurationPlatforms) = postSolution
		{13F1148B-A056-461F-B1CF-AE4F4120AA2A}.Debug|Any CPU.ActiveCfg = Debug|Any CPU
		{13F1148B-A056-461F-B1CF-AE4F4120AA2A}.Debug|Any CPU.Build.0 = Debug|Any CPU
		{13F1148B-A056-461F-B1CF-AE4F4120AA2A}.Debug|x86.ActiveCfg = Debug|x86
		{13F1148B-A056-461F-B1CF-AE4F4120AA2A}.Debug|x86.Build.0 = Debug|x86
		{13F1148B-A056-461F-B1CF-AE4F4120AA2A}.Release|Any CPU.ActiveCfg = Release|Any CPU
		{13F1148B-A056-461F-B1CF-AE4F4120AA2A}.Release|Any CPU.Build.0 = Release|Any CPU
		{13F1148B-A056-461F-B1CF-AE4F4120AA2A}.Release|x86.ActiveCfg = Release|x86
		{13F1148B-A056-461F-B1CF-AE4F4120AA2A}.Release|x86.Build.0 = Release|x86
		{2EF8769B-2F24-4C46-A23B-FDDA69C52B14}.Debug|Any CPU.ActiveCfg = Debug|Any CPU
		{2EF8769B-2F24-4C46-A23B-FDDA69C52B14}.Debug|Any CPU.Build.0 = Debug|Any CPU
		{2EF8769B-2F24-4C46-A23B-FDDA69C52B14}.Debug|x86.ActiveCfg = Debug|Any CPU
		{2EF8769B-2F24-4C46-A23B-FDDA69C52B14}.Debug|x86.Build.0 = Debug|Any CPU
		{2EF8769B-2F24-4C46-A23B-FDDA69C52B14}.Release|Any CPU.ActiveCfg = Release|Any CPU
		{2EF8769B-2F24-4C46-A23B-FDDA69C52B14}.Release|Any CPU.Build.0 = Release|Any CPU
		{2EF8769B-2F24-4C46-A23B-FDDA69C52B14}.Release|x86.ActiveCfg = Release|Any CPU
		{2EF8769B-2F24-4C46-A23B-FDDA69C52B14}.Release|x86.Build.0 = Release|Any CPU
	EndGlobalSection
	GlobalSection(SolutionProperties) = preSolution
		HideSolutionNode = FALSE
	EndGlobalSection
	GlobalSection(ExtensibilityGlobals) = postSolution
		SolutionGuid = {40F4B383-8CE2-4B7A-936D-20632EA1BCDA}
	EndGlobalSection
EndGlobal
